
Microsoft Visual Studio Solution File, Format Version 12.00
# Visual Studio Version 17
VisualStudioVersion = 17.9.34728.123
MinimumVisualStudioVersion = 10.0.40219.1
Project("{FAE04EC0-301F-11D3-BF4B-00C04F79EFBC}") = "Two-sum", "Two-sum\Two-sum.csproj", "{EC75CEAB-23B3-441B-A166-8E8A745943E5}"
EndProject
Global
	GlobalSection(SolutionConfigurationPlatforms) = preSolution
		Debug|Any CPU = Debug|Any CPU
		Release|Any CPU = Release|Any CPU
	EndGlobalSection
	GlobalSection(ProjectConfigurationPlatforms) = postSolution
		{EC75CEAB-23B3-441B-A166-8E8A745943E5}.Debug|Any CPU.ActiveCfg = Debug|Any CPU
		{EC75CEAB-23B3-441B-A166-8E8A745943E5}.Debug|Any CPU.Build.0 = Debug|Any CPU
		{EC75CEAB-23B3-441B-A166-8E8A745943E5}.Release|Any CPU.ActiveCfg = Release|Any CPU
		{EC75CEAB-23B3-441B-A166-8E8A745943E5}.Release|Any CPU.Build.0 = Release|Any CPU
	EndGlobalSection
	GlobalSection(SolutionProperties) = preSolution
		HideSolutionNode = FALSE
	EndGlobalSection
	GlobalSection(ExtensibilityGlobals) = postSolution
		SolutionGuid = {6632E11C-D921-4F3D-BA62-A60C08F6EB26}
	EndGlobalSection
EndGlobal
